
Microsoft Visual Studio Solution File, Format Version 12.00
# Visual Studio Version 17
VisualStudioVersion = 17.14.36301.6 d17.14
MinimumVisualStudioVersion = 10.0.40219.1
Project("{FAE04EC0-301F-11D3-BF4B-00C04F79EFBC}") = "Assessment", "Assessment\Assessment.csproj", "{3D10F683-7AF2-4104-9E1D-B1342B5EDCC4}"
EndProject
Global
	GlobalSection(SolutionConfigurationPlatforms) = preSolution
		Debug|Any CPU = Debug|Any CPU
		Release|Any CPU = Release|Any CPU
	EndGlobalSection
	GlobalSection(ProjectConfigurationPlatforms) = postSolution
		{3D10F683-7AF2-4104-9E1D-B1342B5EDCC4}.Debug|Any CPU.ActiveCfg = Debug|Any CPU
		{3D10F683-7AF2-4104-9E1D-B1342B5EDCC4}.Debug|Any CPU.Build.0 = Debug|Any CPU
		{3D10F683-7AF2-4104-9E1D-B1342B5EDCC4}.Release|Any CPU.ActiveCfg = Release|Any CPU
		{3D10F683-7AF2-4104-9E1D-B1342B5EDCC4}.Release|Any CPU.Build.0 = Release|Any CPU
	EndGlobalSection
	GlobalSection(SolutionProperties) = preSolution
		HideSolutionNode = FALSE
	EndGlobalSection
	GlobalSection(ExtensibilityGlobals) = postSolution
		SolutionGuid = {6BC5A359-B18C-4ECB-A21C-2D17CF5F0D57}
	EndGlobalSection
EndGlobal
